
Microsoft Visual Studio Solution File, Format Version 12.00
# Visual Studio Version 17
VisualStudioVersion = 17.3.32922.545
MinimumVisualStudioVersion = 10.0.40219.1
Project("{FAE04EC0-301F-11D3-BF4B-00C04F79EFBC}") = "MemoryScanner", "MemoryScanner\MemoryScanner.csproj", "{5845B250-195C-41B9-BEF9-63CE1DD2DC08}"
EndProject
Project("{FAE04EC0-301F-11D3-BF4B-00C04F79EFBC}") = "InnerLogic", "InnerLogic\InnerLogic.csproj", "{0281BCD7-6895-462F-88ED-E41EAAE3CDDA}"
EndProject
Global
	GlobalSection(SolutionConfigurationPlatforms) = preSolution
		Debug|Any CPU = Debug|Any CPU
		Release|Any CPU = Release|Any CPU
	EndGlobalSection
	GlobalSection(ProjectConfigurationPlatforms) = postSolution
		{5845B250-195C-41B9-BEF9-63CE1DD2DC08}.Debug|Any CPU.ActiveCfg = Debug|Any CPU
		{5845B250-195C-41B9-BEF9-63CE1DD2DC08}.Debug|Any CPU.Build.0 = Debug|Any CPU
		{5845B250-195C-41B9-BEF9-63CE1DD2DC08}.Release|Any CPU.ActiveCfg = Release|Any CPU
		{5845B250-195C-41B9-BEF9-63CE1DD2DC08}.Release|Any CPU.Build.0 = Release|Any CPU
		{0281BCD7-6895-462F-88ED-E41EAAE3CDDA}.Debug|Any CPU.ActiveCfg = Debug|Any CPU
		{0281BCD7-6895-462F-88ED-E41EAAE3CDDA}.Debug|Any CPU.Build.0 = Debug|Any CPU
		{0281BCD7-6895-462F-88ED-E41EAAE3CDDA}.Release|Any CPU.ActiveCfg = Release|Any CPU
		{0281BCD7-6895-462F-88ED-E41EAAE3CDDA}.Release|Any CPU.Build.0 = Release|Any CPU
	EndGlobalSection
	GlobalSection(SolutionProperties) = preSolution
		HideSolutionNode = FALSE
	EndGlobalSection
	GlobalSection(ExtensibilityGlobals) = postSolution
		SolutionGuid = {11B97D18-9CCB-4D2A-BABE-C2B4B12E4D43}
	EndGlobalSection
EndGlobal
